
Microsoft Visual Studio Solution File, Format Version 12.00
# Visual Studio Version 17
VisualStudioVersion = 17.0.31717.71
MinimumVisualStudioVersion = 10.0.40219.1
Project("{FAE04EC0-301F-11D3-BF4B-00C04F79EFBC}") = "MapAll", "MapAll\MapAll.csproj", "{32CE1E03-2EB4-44F9-829E-08A1A757619F}"
EndProject
Global
	GlobalSection(SolutionConfigurationPlatforms) = preSolution
		Debug|Any CPU = Debug|Any CPU
		Release|Any CPU = Release|Any CPU
	EndGlobalSection
	GlobalSection(ProjectConfigurationPlatforms) = postSolution
		{32CE1E03-2EB4-44F9-829E-08A1A757619F}.Debug|Any CPU.ActiveCfg = Debug|Any CPU
		{32CE1E03-2EB4-44F9-829E-08A1A757619F}.Debug|Any CPU.Build.0 = Debug|Any CPU
		{32CE1E03-2EB4-44F9-829E-08A1A757619F}.Release|Any CPU.ActiveCfg = Release|Any CPU
		{32CE1E03-2EB4-44F9-829E-08A1A757619F}.Release|Any CPU.Build.0 = Release|Any CPU
	EndGlobalSection
	GlobalSection(SolutionProperties) = preSolution
		HideSolutionNode = FALSE
	EndGlobalSection
	GlobalSection(ExtensibilityGlobals) = postSolution
		SolutionGuid = {5DEE10C4-00FB-4076-BEEC-69D84B065B19}
	EndGlobalSection
EndGlobal
